
Microsoft Visual Studio Solution File, Format Version 12.00
# Visual Studio Version 17
VisualStudioVersion = 17.12.35707.178
MinimumVisualStudioVersion = 10.0.40219.1
Project("{FAE04EC0-301F-11D3-BF4B-00C04F79EFBC}") = "ConsoleAppHelloWorld", "ConsoleAppHelloWorld\ConsoleAppHelloWorld.csproj", "{E55C728D-BBC8-42EA-8A03-4D323FE15363}"
EndProject
Project("{FAE04EC0-301F-11D3-BF4B-00C04F79EFBC}") = "ConsoleApp.VariablesDemo", "ConsoleApp.VariablesDemo\ConsoleApp.VariablesDemo.csproj", "{FC4FDEEA-F59F-42D3-88C7-B51DB802C87A}"
EndProject
Project("{FAE04EC0-301F-11D3-BF4B-00C04F79EFBC}") = "ConsoleApp.Operators", "ConsoleApp.Operators\ConsoleApp.Operators.csproj", "{14988FA2-6568-498B-9A0E-EF16C8797757}"
EndProject
Global
	GlobalSection(SolutionConfigurationPlatforms) = preSolution
		Debug|Any CPU = Debug|Any CPU
		Release|Any CPU = Release|Any CPU
	EndGlobalSection
	GlobalSection(ProjectConfigurationPlatforms) = postSolution
		{E55C728D-BBC8-42EA-8A03-4D323FE15363}.Debug|Any CPU.ActiveCfg = Debug|Any CPU
		{E55C728D-BBC8-42EA-8A03-4D323FE15363}.Debug|Any CPU.Build.0 = Debug|Any CPU
		{E55C728D-BBC8-42EA-8A03-4D323FE15363}.Release|Any CPU.ActiveCfg = Release|Any CPU
		{E55C728D-BBC8-42EA-8A03-4D323FE15363}.Release|Any CPU.Build.0 = Release|Any CPU
		{FC4FDEEA-F59F-42D3-88C7-B51DB802C87A}.Debug|Any CPU.ActiveCfg = Debug|Any CPU
		{FC4FDEEA-F59F-42D3-88C7-B51DB802C87A}.Debug|Any CPU.Build.0 = Debug|Any CPU
		{FC4FDEEA-F59F-42D3-88C7-B51DB802C87A}.Release|Any CPU.ActiveCfg = Release|Any CPU
		{FC4FDEEA-F59F-42D3-88C7-B51DB802C87A}.Release|Any CPU.Build.0 = Release|Any CPU
		{14988FA2-6568-498B-9A0E-EF16C8797757}.Debug|Any CPU.ActiveCfg = Debug|Any CPU
		{14988FA2-6568-498B-9A0E-EF16C8797757}.Debug|Any CPU.Build.0 = Debug|Any CPU
		{14988FA2-6568-498B-9A0E-EF16C8797757}.Release|Any CPU.ActiveCfg = Release|Any CPU
		{14988FA2-6568-498B-9A0E-EF16C8797757}.Release|Any CPU.Build.0 = Release|Any CPU
	EndGlobalSection
	GlobalSection(SolutionProperties) = preSolution
		HideSolutionNode = FALSE
	EndGlobalSection
EndGlobal
